
Microsoft Visual Studio Solution File, Format Version 12.00
# Visual Studio Version 16
VisualStudioVersion = 16.0.30104.148
MinimumVisualStudioVersion = 10.0.40219.1
Project("{9A19103F-16F7-4668-BE54-9A1E7A4F7556}") = "CoreCourse.CSharpFeatures", "CoreCourse.CSharpFeatures\CoreCourse.CSharpFeatures.csproj", "{5ECB7E04-7D57-45DB-A17B-1978747D3C56}"
EndProject
Project("{FAE04EC0-301F-11D3-BF4B-00C04F79EFBC}") = "CoreCourse.CSharpFeatures.AsyncApp", "..\CoreCourse.CSharpFeatures.AsyncApp\CoreCourse.CSharpFeatures.AsyncApp.csproj", "{D161D3A8-07FA-4872-A923-58C7739FAA95}"
EndProject
Global
	GlobalSection(SolutionConfigurationPlatforms) = preSolution
		Debug|Any CPU = Debug|Any CPU
		Release|Any CPU = Release|Any CPU
	EndGlobalSection
	GlobalSection(ProjectConfigurationPlatforms) = postSolution
		{5ECB7E04-7D57-45DB-A17B-1978747D3C56}.Debug|Any CPU.ActiveCfg = Debug|Any CPU
		{5ECB7E04-7D57-45DB-A17B-1978747D3C56}.Debug|Any CPU.Build.0 = Debug|Any CPU
		{5ECB7E04-7D57-45DB-A17B-1978747D3C56}.Release|Any CPU.ActiveCfg = Release|Any CPU
		{5ECB7E04-7D57-45DB-A17B-1978747D3C56}.Release|Any CPU.Build.0 = Release|Any CPU
		{D161D3A8-07FA-4872-A923-58C7739FAA95}.Debug|Any CPU.ActiveCfg = Debug|Any CPU
		{D161D3A8-07FA-4872-A923-58C7739FAA95}.Debug|Any CPU.Build.0 = Debug|Any CPU
		{D161D3A8-07FA-4872-A923-58C7739FAA95}.Release|Any CPU.ActiveCfg = Release|Any CPU
		{D161D3A8-07FA-4872-A923-58C7739FAA95}.Release|Any CPU.Build.0 = Release|Any CPU
	EndGlobalSection
	GlobalSection(SolutionProperties) = preSolution
		HideSolutionNode = FALSE
	EndGlobalSection
	GlobalSection(ExtensibilityGlobals) = postSolution
		SolutionGuid = {8CA1EABB-8894-4327-B5B4-FDF3154EE1EA}
	EndGlobalSection
EndGlobal
